{
  "name": "vibecast",
  "version": "1.0.0",
  "lockfileVersion": 3,
  "requires": true,
  "packages": {
    "": {
      "name": "vibecast",
      "version": "1.0.0",
      "license": "ISC",
      "dependencies": {
        "@ruvector/attention": "^0.1.0",
        "@ruvector/attention-linux-x64-gnu": "^0.1.0",
        "ruvector-attention-wasm": "^0.1.0"
      }
    },
    "node_modules/@ruvector/attention": {
      "version": "0.1.0",
      "resolved": "https://registry.npmjs.org/@ruvector/attention/-/attention-0.1.0.tgz",
      "integrity": "sha512-nVSefWCM/gTZea0oM7Rp4grF8lV/NGpQ4+1+cw/hIwV14BG06+FudY2vOir7ixLRLB1tcgdIWEaEDOJbvzWBGg==",
      "license": "MIT OR Apache-2.0",
      "engines": {
        "node": ">= 10"
      },
      "optionalDependencies": {
        "@ruvector/attention-darwin-x64": "0.1.0",
        "@ruvector/attention-linux-x64-gnu": "0.1.0",
        "@ruvector/attention-win32-x64-msvc": "0.1.0"
      }
    },
    "node_modules/@ruvector/attention-linux-x64-gnu": {
      "version": "0.1.0",
      "resolved": "https://registry.npmjs.org/@ruvector/attention-linux-x64-gnu/-/attention-linux-x64-gnu-0.1.0.tgz",
      "integrity": "sha512-oSi9LGopsnitGHyTAl+/tr4BXiMdBZEeGx8SrzwysWLleNSP2EJxEeYHDAojW7gAlN6FJqWRcGvpht4TBDJVag==",
      "cpu": [
        "x64"
      ],
      "license": "MIT OR Apache-2.0",
      "os": [
        "linux"
      ],
      "engines": {
        "node": ">= 10"
      }
    },
    "node_modules/ruvector-attention-wasm": {
      "version": "0.1.0",
      "resolved": "https://registry.npmjs.org/ruvector-attention-wasm/-/ruvector-attention-wasm-0.1.0.tgz",
      "integrity": "sha512-kYdKs5fH2LkUz2TmBbSjN3m/0ZtmaOihiyPeDYDq8bwHTc3bCVxAw3bPZoY/OQvsDy34uhE/EDnqMxnpU4TWoA==",
      "license": "MIT OR Apache-2.0"
    }
  }
}
