{
  "name": "vibecast",
  "version": "1.0.0",
  "lockfileVersion": 3,
  "requires": true,
  "packages": {
    "": {
      "name": "vibecast",
      "version": "1.0.0",
      "license": "ISC",
      "dependencies": {
        "@ruvector/router": "^0.1.15",
        "@ruvector/tiny-dancer": "^0.1.15"
      }
    },
    "node_modules/@ruvector/router": {
      "version": "0.1.15",
      "resolved": "https://registry.npmjs.org/@ruvector/router/-/router-0.1.15.tgz",
      "integrity": "sha512-erQUOeb5DoedstPITbIjFtlZYD97bMyrBxI2T2jKYiYfwIaGHBEzt7aZUoNvy/JOoofo3hV+rqeKn1d6+J1T7Q==",
      "license": "MIT",
      "engines": {
        "node": ">=18.0.0"
      },
      "optionalDependencies": {
        "@ruvector/router-darwin-arm64": "0.1.15",
        "@ruvector/router-darwin-x64": "0.1.15",
        "@ruvector/router-linux-arm64-gnu": "0.1.15",
        "@ruvector/router-linux-x64-gnu": "0.1.15",
        "@ruvector/router-win32-x64-msvc": "0.1.15"
      }
    },
    "node_modules/@ruvector/router-linux-x64-gnu": {
      "version": "0.1.15",
      "resolved": "https://registry.npmjs.org/@ruvector/router-linux-x64-gnu/-/router-linux-x64-gnu-0.1.15.tgz",
      "integrity": "sha512-dhx6zy/V82TMsyU8BFl9jaaWB+2Q8KJhjBilUKxjg0qRiTX1VHC+LPl9Y5StAD9S3/aGKmAgX2ceJozfRlfxzg==",
      "cpu": [
        "x64"
      ],
      "license": "MIT",
      "optional": true,
      "os": [
        "linux"
      ],
      "engines": {
        "node": ">=18.0.0"
      }
    },
    "node_modules/@ruvector/tiny-dancer": {
      "version": "0.1.15",
      "resolved": "https://registry.npmjs.org/@ruvector/tiny-dancer/-/tiny-dancer-0.1.15.tgz",
      "integrity": "sha512-Gl+eHhenRHVpyeqjJJBa2RL1HbXC+WNr8caEcEfNdODFKlKaicOPDaujUHAG3tEMZzeT3564eqPWu+ZiA+wxKQ==",
      "license": "MIT",
      "engines": {
        "node": ">=18.0.0"
      },
      "optionalDependencies": {
        "@ruvector/tiny-dancer-darwin-arm64": "0.1.15",
        "@ruvector/tiny-dancer-darwin-x64": "0.1.15",
        "@ruvector/tiny-dancer-linux-arm64-gnu": "0.1.15",
        "@ruvector/tiny-dancer-linux-x64-gnu": "0.1.15",
        "@ruvector/tiny-dancer-win32-x64-msvc": "0.1.15"
      }
    },
    "node_modules/@ruvector/tiny-dancer-linux-x64-gnu": {
      "version": "0.1.15",
      "resolved": "https://registry.npmjs.org/@ruvector/tiny-dancer-linux-x64-gnu/-/tiny-dancer-linux-x64-gnu-0.1.15.tgz",
      "integrity": "sha512-lEknFh2p73KkHz6d51cP/Y5D10AATiXRsoQEDRkOjrO0Eb5blyxal4wzdqbylyXEH7UbRePCBrCCk5BkfZD1fA==",
      "cpu": [
        "x64"
      ],
      "license": "MIT",
      "optional": true,
      "os": [
        "linux"
      ],
      "engines": {
        "node": ">=18.0.0"
      }
    }
  }
}
